
Microsoft Visual Studio Solution File, Format Version 12.00
# Visual Studio Version 16
VisualStudioVersion = 16.0.29609.76
MinimumVisualStudioVersion = 10.0.40219.1
Project("{9A19103F-16F7-4668-BE54-9A1E7A4F7556}") = "WebApplication1", "WebApplication1\WebApplication1.csproj", "{2E293BB3-0BD8-4934-8DF4-AAC7176E4FC7}"
EndProject
Project("{FAE04EC0-301F-11D3-BF4B-00C04F79EFBC}") = "NorthwindEntitiesLib", "NorthwindEntitiesLib\NorthwindEntitiesLib.csproj", "{B9EE03EC-CE83-4EA6-9918-0051FF21A6D6}"
EndProject
Global
	GlobalSection(SolutionConfigurationPlatforms) = preSolution
		Debug|Any CPU = Debug|Any CPU
		Release|Any CPU = Release|Any CPU
	EndGlobalSection
	GlobalSection(ProjectConfigurationPlatforms) = postSolution
		{2E293BB3-0BD8-4934-8DF4-AAC7176E4FC7}.Debug|Any CPU.ActiveCfg = Debug|Any CPU
		{2E293BB3-0BD8-4934-8DF4-AAC7176E4FC7}.Debug|Any CPU.Build.0 = Debug|Any CPU
		{2E293BB3-0BD8-4934-8DF4-AAC7176E4FC7}.Release|Any CPU.ActiveCfg = Release|Any CPU
		{2E293BB3-0BD8-4934-8DF4-AAC7176E4FC7}.Release|Any CPU.Build.0 = Release|Any CPU
		{B9EE03EC-CE83-4EA6-9918-0051FF21A6D6}.Debug|Any CPU.ActiveCfg = Debug|Any CPU
		{B9EE03EC-CE83-4EA6-9918-0051FF21A6D6}.Debug|Any CPU.Build.0 = Debug|Any CPU
		{B9EE03EC-CE83-4EA6-9918-0051FF21A6D6}.Release|Any CPU.ActiveCfg = Release|Any CPU
		{B9EE03EC-CE83-4EA6-9918-0051FF21A6D6}.Release|Any CPU.Build.0 = Release|Any CPU
	EndGlobalSection
	GlobalSection(SolutionProperties) = preSolution
		HideSolutionNode = FALSE
	EndGlobalSection
	GlobalSection(ExtensibilityGlobals) = postSolution
		SolutionGuid = {9CF7A90B-C5D5-44A9-B3EE-A0E58FA6625C}
	EndGlobalSection
EndGlobal
