
Microsoft Visual Studio Solution File, Format Version 12.00
# Visual Studio Version 16
VisualStudioVersion = 16.0.29519.181
MinimumVisualStudioVersion = 10.0.40219.1
Project("{FAE04EC0-301F-11D3-BF4B-00C04F79EFBC}") = "ConsoleApp2", "ConsoleApp2\ConsoleApp2.csproj", "{72D4DDCA-B614-4CF2-84F2-0B841D7787FE}"
EndProject
Project("{FAE04EC0-301F-11D3-BF4B-00C04F79EFBC}") = "Library", "Library\Library.csproj", "{A0E799E2-84C5-45F5-BF89-75B2AB0C5AA0}"
EndProject
Global
	GlobalSection(SolutionConfigurationPlatforms) = preSolution
		Debug|Any CPU = Debug|Any CPU
		Release|Any CPU = Release|Any CPU
	EndGlobalSection
	GlobalSection(ProjectConfigurationPlatforms) = postSolution
		{72D4DDCA-B614-4CF2-84F2-0B841D7787FE}.Debug|Any CPU.ActiveCfg = Debug|Any CPU
		{72D4DDCA-B614-4CF2-84F2-0B841D7787FE}.Debug|Any CPU.Build.0 = Debug|Any CPU
		{72D4DDCA-B614-4CF2-84F2-0B841D7787FE}.Release|Any CPU.ActiveCfg = Release|Any CPU
		{72D4DDCA-B614-4CF2-84F2-0B841D7787FE}.Release|Any CPU.Build.0 = Release|Any CPU
		{A0E799E2-84C5-45F5-BF89-75B2AB0C5AA0}.Debug|Any CPU.ActiveCfg = Debug|Any CPU
		{A0E799E2-84C5-45F5-BF89-75B2AB0C5AA0}.Debug|Any CPU.Build.0 = Debug|Any CPU
		{A0E799E2-84C5-45F5-BF89-75B2AB0C5AA0}.Release|Any CPU.ActiveCfg = Release|Any CPU
		{A0E799E2-84C5-45F5-BF89-75B2AB0C5AA0}.Release|Any CPU.Build.0 = Release|Any CPU
	EndGlobalSection
	GlobalSection(SolutionProperties) = preSolution
		HideSolutionNode = FALSE
	EndGlobalSection
	GlobalSection(ExtensibilityGlobals) = postSolution
		SolutionGuid = {90E8743B-24C6-416C-A58B-8E3B9A6EDC57}
	EndGlobalSection
EndGlobal
