
Microsoft Visual Studio Solution File, Format Version 12.00
# Visual Studio Version 16
VisualStudioVersion = 16.0.29613.14
MinimumVisualStudioVersion = 10.0.40219.1
Project("{FAE04EC0-301F-11D3-BF4B-00C04F79EFBC}") = "ParallelTasksTest", "ParallelTasksTest\ParallelTasksTest.csproj", "{B18961D0-175B-49E4-8538-7B0E6CB780A5}"
EndProject
Global
	GlobalSection(SolutionConfigurationPlatforms) = preSolution
		Debug|Any CPU = Debug|Any CPU
		Release|Any CPU = Release|Any CPU
	EndGlobalSection
	GlobalSection(ProjectConfigurationPlatforms) = postSolution
		{B18961D0-175B-49E4-8538-7B0E6CB780A5}.Debug|Any CPU.ActiveCfg = Debug|Any CPU
		{B18961D0-175B-49E4-8538-7B0E6CB780A5}.Debug|Any CPU.Build.0 = Debug|Any CPU
		{B18961D0-175B-49E4-8538-7B0E6CB780A5}.Release|Any CPU.ActiveCfg = Release|Any CPU
		{B18961D0-175B-49E4-8538-7B0E6CB780A5}.Release|Any CPU.Build.0 = Release|Any CPU
	EndGlobalSection
	GlobalSection(SolutionProperties) = preSolution
		HideSolutionNode = FALSE
	EndGlobalSection
	GlobalSection(ExtensibilityGlobals) = postSolution
		SolutionGuid = {5290FF80-B2FC-4ACE-97E1-FC97EA2D6EEF}
	EndGlobalSection
EndGlobal
