
Microsoft Visual Studio Solution File, Format Version 12.00
# Visual Studio Version 16
VisualStudioVersion = 16.0.29609.76
MinimumVisualStudioVersion = 10.0.40219.1
Project("{FAE04EC0-301F-11D3-BF4B-00C04F79EFBC}") = "ConsoleApp3", "ConsoleApp3\ConsoleApp3.csproj", "{087045A8-7FEB-4A43-97C5-C5548FEF3EC9}"
EndProject
Project("{FAE04EC0-301F-11D3-BF4B-00C04F79EFBC}") = "ClassLibrary", "ClassLibrary\ClassLibrary.csproj", "{32652F00-39E2-49DA-A3D7-4748F5E13684}"
EndProject
Global
	GlobalSection(SolutionConfigurationPlatforms) = preSolution
		Debug|Any CPU = Debug|Any CPU
		Release|Any CPU = Release|Any CPU
	EndGlobalSection
	GlobalSection(ProjectConfigurationPlatforms) = postSolution
		{087045A8-7FEB-4A43-97C5-C5548FEF3EC9}.Debug|Any CPU.ActiveCfg = Debug|Any CPU
		{087045A8-7FEB-4A43-97C5-C5548FEF3EC9}.Debug|Any CPU.Build.0 = Debug|Any CPU
		{087045A8-7FEB-4A43-97C5-C5548FEF3EC9}.Release|Any CPU.ActiveCfg = Release|Any CPU
		{087045A8-7FEB-4A43-97C5-C5548FEF3EC9}.Release|Any CPU.Build.0 = Release|Any CPU
		{32652F00-39E2-49DA-A3D7-4748F5E13684}.Debug|Any CPU.ActiveCfg = Debug|Any CPU
		{32652F00-39E2-49DA-A3D7-4748F5E13684}.Debug|Any CPU.Build.0 = Debug|Any CPU
		{32652F00-39E2-49DA-A3D7-4748F5E13684}.Release|Any CPU.ActiveCfg = Release|Any CPU
		{32652F00-39E2-49DA-A3D7-4748F5E13684}.Release|Any CPU.Build.0 = Release|Any CPU
	EndGlobalSection
	GlobalSection(SolutionProperties) = preSolution
		HideSolutionNode = FALSE
	EndGlobalSection
	GlobalSection(ExtensibilityGlobals) = postSolution
		SolutionGuid = {F973E1A0-F246-4F60-BA42-35ECA6502C9E}
	EndGlobalSection
EndGlobal
