
Microsoft Visual Studio Solution File, Format Version 12.00
# Visual Studio Version 16
VisualStudioVersion = 16.0.29609.76
MinimumVisualStudioVersion = 10.0.40219.1
Project("{FAE04EC0-301F-11D3-BF4B-00C04F79EFBC}") = "XmlSerialization", "XmlSerialization\XmlSerialization.csproj", "{46ABCCD6-4749-40FC-8D70-D9E49EA4053B}"
EndProject
Global
	GlobalSection(SolutionConfigurationPlatforms) = preSolution
		Debug|Any CPU = Debug|Any CPU
		Release|Any CPU = Release|Any CPU
	EndGlobalSection
	GlobalSection(ProjectConfigurationPlatforms) = postSolution
		{46ABCCD6-4749-40FC-8D70-D9E49EA4053B}.Debug|Any CPU.ActiveCfg = Debug|Any CPU
		{46ABCCD6-4749-40FC-8D70-D9E49EA4053B}.Debug|Any CPU.Build.0 = Debug|Any CPU
		{46ABCCD6-4749-40FC-8D70-D9E49EA4053B}.Release|Any CPU.ActiveCfg = Release|Any CPU
		{46ABCCD6-4749-40FC-8D70-D9E49EA4053B}.Release|Any CPU.Build.0 = Release|Any CPU
	EndGlobalSection
	GlobalSection(SolutionProperties) = preSolution
		HideSolutionNode = FALSE
	EndGlobalSection
	GlobalSection(ExtensibilityGlobals) = postSolution
		SolutionGuid = {21D50986-2707-4BBE-A741-7876B154176B}
	EndGlobalSection
EndGlobal
