
Microsoft Visual Studio Solution File, Format Version 12.00
# Visual Studio Version 16
VisualStudioVersion = 16.0.29519.181
MinimumVisualStudioVersion = 10.0.40219.1
Project("{FAE04EC0-301F-11D3-BF4B-00C04F79EFBC}") = "WorkingWithFileSystems", "WorkingWithFileSystems\WorkingWithFileSystems.csproj", "{A98C783E-4BDD-4749-AC83-B8C159AE180E}"
EndProject
Global
	GlobalSection(SolutionConfigurationPlatforms) = preSolution
		Debug|Any CPU = Debug|Any CPU
		Release|Any CPU = Release|Any CPU
	EndGlobalSection
	GlobalSection(ProjectConfigurationPlatforms) = postSolution
		{A98C783E-4BDD-4749-AC83-B8C159AE180E}.Debug|Any CPU.ActiveCfg = Debug|Any CPU
		{A98C783E-4BDD-4749-AC83-B8C159AE180E}.Debug|Any CPU.Build.0 = Debug|Any CPU
		{A98C783E-4BDD-4749-AC83-B8C159AE180E}.Release|Any CPU.ActiveCfg = Release|Any CPU
		{A98C783E-4BDD-4749-AC83-B8C159AE180E}.Release|Any CPU.Build.0 = Release|Any CPU
	EndGlobalSection
	GlobalSection(SolutionProperties) = preSolution
		HideSolutionNode = FALSE
	EndGlobalSection
	GlobalSection(ExtensibilityGlobals) = postSolution
		SolutionGuid = {65A2D50C-B594-41A2-8694-0D36445D544C}
	EndGlobalSection
EndGlobal
