
Microsoft Visual Studio Solution File, Format Version 12.00
# Visual Studio Version 16
VisualStudioVersion = 16.0.29519.181
MinimumVisualStudioVersion = 10.0.40219.1
Project("{FAE04EC0-301F-11D3-BF4B-00C04F79EFBC}") = "LinqTest1", "LinqTest1\LinqTest1.csproj", "{30620E2A-A899-48B4-AF64-8834172F3293}"
EndProject
Global
	GlobalSection(SolutionConfigurationPlatforms) = preSolution
		Debug|Any CPU = Debug|Any CPU
		Release|Any CPU = Release|Any CPU
	EndGlobalSection
	GlobalSection(ProjectConfigurationPlatforms) = postSolution
		{30620E2A-A899-48B4-AF64-8834172F3293}.Debug|Any CPU.ActiveCfg = Debug|Any CPU
		{30620E2A-A899-48B4-AF64-8834172F3293}.Debug|Any CPU.Build.0 = Debug|Any CPU
		{30620E2A-A899-48B4-AF64-8834172F3293}.Release|Any CPU.ActiveCfg = Release|Any CPU
		{30620E2A-A899-48B4-AF64-8834172F3293}.Release|Any CPU.Build.0 = Release|Any CPU
	EndGlobalSection
	GlobalSection(SolutionProperties) = preSolution
		HideSolutionNode = FALSE
	EndGlobalSection
	GlobalSection(ExtensibilityGlobals) = postSolution
		SolutionGuid = {8847BAD1-B91C-440A-842A-A28C473BEE49}
	EndGlobalSection
EndGlobal
