
Microsoft Visual Studio Solution File, Format Version 12.00
# Visual Studio Version 16
VisualStudioVersion = 16.0.29613.14
MinimumVisualStudioVersion = 10.0.40219.1
Project("{FAE04EC0-301F-11D3-BF4B-00C04F79EFBC}") = "DataValidation", "DataValidation\DataValidation.csproj", "{7E8B9333-1341-4B49-9A3E-A774F633F9E7}"
EndProject
Project("{FAE04EC0-301F-11D3-BF4B-00C04F79EFBC}") = "PersonWithValidation", "ClassLibrary1\PersonWithValidation.csproj", "{72BF95C3-3EEE-44DA-A0AC-4FAEFBC4F624}"
EndProject
Global
	GlobalSection(SolutionConfigurationPlatforms) = preSolution
		Debug|Any CPU = Debug|Any CPU
		Release|Any CPU = Release|Any CPU
	EndGlobalSection
	GlobalSection(ProjectConfigurationPlatforms) = postSolution
		{7E8B9333-1341-4B49-9A3E-A774F633F9E7}.Debug|Any CPU.ActiveCfg = Debug|Any CPU
		{7E8B9333-1341-4B49-9A3E-A774F633F9E7}.Debug|Any CPU.Build.0 = Debug|Any CPU
		{7E8B9333-1341-4B49-9A3E-A774F633F9E7}.Release|Any CPU.ActiveCfg = Release|Any CPU
		{7E8B9333-1341-4B49-9A3E-A774F633F9E7}.Release|Any CPU.Build.0 = Release|Any CPU
		{72BF95C3-3EEE-44DA-A0AC-4FAEFBC4F624}.Debug|Any CPU.ActiveCfg = Debug|Any CPU
		{72BF95C3-3EEE-44DA-A0AC-4FAEFBC4F624}.Debug|Any CPU.Build.0 = Debug|Any CPU
		{72BF95C3-3EEE-44DA-A0AC-4FAEFBC4F624}.Release|Any CPU.ActiveCfg = Release|Any CPU
		{72BF95C3-3EEE-44DA-A0AC-4FAEFBC4F624}.Release|Any CPU.Build.0 = Release|Any CPU
	EndGlobalSection
	GlobalSection(SolutionProperties) = preSolution
		HideSolutionNode = FALSE
	EndGlobalSection
	GlobalSection(ExtensibilityGlobals) = postSolution
		SolutionGuid = {47946526-F739-493E-9A62-C6A416D48408}
	EndGlobalSection
EndGlobal
